
Microsoft Visual Studio Solution File, Format Version 12.00
# Visual Studio 2012
Project("{8BC9CEB8-8B4A-11D0-8D11-00A0C91BC942}") = "Pixie", "Pixie\Pixie.vcxproj", "{1482E899-6A79-443D-B0E2-225815EBA49B}"
	ProjectSection(ProjectDependencies) = postProject
		{3227665C-549E-321B-A326-81DD872D3279} = {3227665C-549E-321B-A326-81DD872D3279}
	EndProjectSection
EndProject
Project("{8BC9CEB8-8B4A-11D0-8D11-00A0C91BC942}") = "QExtSerialPort_lib", "qextserialport\buildlib\buildlib.vcxproj", "{3227665C-549E-321B-A326-81DD872D3279}"
EndProject
Global
	GlobalSection(SolutionConfigurationPlatforms) = preSolution
		Debug|Win32 = Debug|Win32
		Release|Win32 = Release|Win32
	EndGlobalSection
	GlobalSection(ProjectConfigurationPlatforms) = postSolution
		{1482E899-6A79-443D-B0E2-225815EBA49B}.Debug|Win32.ActiveCfg = Debug|Win32
		{1482E899-6A79-443D-B0E2-225815EBA49B}.Debug|Win32.Build.0 = Debug|Win32
		{1482E899-6A79-443D-B0E2-225815EBA49B}.Release|Win32.ActiveCfg = Release|Win32
		{1482E899-6A79-443D-B0E2-225815EBA49B}.Release|Win32.Build.0 = Release|Win32
		{3227665C-549E-321B-A326-81DD872D3279}.Debug|Win32.ActiveCfg = Debug|Win32
		{3227665C-549E-321B-A326-81DD872D3279}.Debug|Win32.Build.0 = Debug|Win32
		{3227665C-549E-321B-A326-81DD872D3279}.Release|Win32.ActiveCfg = Release|Win32
		{3227665C-549E-321B-A326-81DD872D3279}.Release|Win32.Build.0 = Release|Win32
	EndGlobalSection
	GlobalSection(SolutionProperties) = preSolution
		HideSolutionNode = FALSE
	EndGlobalSection
EndGlobal
